<?xml version="1.0" encoding="utf-8"?>
<Project ToolsVersion="4.0" xmlns="http://schemas.microsoft.com/developer/msbuild/2003">
  <ItemGroup>
    <Filter Include="Assets">
      <UniqueIdentifier>c296ab27-992f-482d-91cb-98c32af5e1cc</UniqueIdentifier>
      <Extensions>bmp;fbx;gif;jpg;jpeg;tga;tiff;tif;png</Extensions>
    </Filter>
    <Image Include="Assets\LockScreenLogo.scale-200.png">
      <Filter>Assets</Filter>
    </Image>
    <Image Include="Assets\SplashScreen.scale-200.png">
      <Filter>Assets</Filter>
    </Image>
    <Image Include="Assets\Square150x150Logo.scale-200.png">
      <Filter>Assets</Filter>
    </Image>
    <Image Include="Assets\Square44x44Logo.scale-200.png">
      <Filter>Assets</Filter>
    </Image>
    <Image Include="Assets\Square44x44Logo.targetsize-24_altform-unplated.png">
      <Filter>Assets</Filter>
    </Image>
    <Image Include="Assets\Wide310x150Logo.scale-200.png">
      <Filter>Assets</Filter>
    </Image>
    <Filter Include="Binary">
      <UniqueIdentifier>{4e36b3cc-a620-4d7a-9d7b-f9447cbe9402}</UniqueIdentifier>
    </Filter>
    <Filter Include="Source">
      <UniqueIdentifier>{60d2001a-6f76-433d-ada6-237fb5fd9261}</UniqueIdentifier>
    </Filter>
    <Filter Include="Assets\font">
      <UniqueIdentifier>{07133f44-3d22-41e5-9590-2999a6fe8446}</UniqueIdentifier>
    </Filter>
    <Filter Include="Assets\Library">
      <UniqueIdentifier>{ca8d69a8-d731-44a0-a764-cd51272b4a13}</UniqueIdentifier>
    </Filter>
    <Filter Include="Assets\shader">
      <UniqueIdentifier>{32fa28ee-0a18-4421-ab0d-e2f3d12650e5}</UniqueIdentifier>
    </Filter>
    <Filter Include="Assets\shader\Include">
      <UniqueIdentifier>{0804ddb0-4fb0-47ee-b078-a30ae6707643}</UniqueIdentifier>
    </Filter>
    <Filter Include="Assets\texture">
      <UniqueIdentifier>{2f1dd083-ef74-4ab2-8b70-c44ac861666f}</UniqueIdentifier>
    </Filter>
    <Filter Include="Assets\res">
      <UniqueIdentifier>{13cb41e5-61b5-4e21-9b0f-f8756a59b1bb}</UniqueIdentifier>
    </Filter>
    <Filter Include="Assets\texture\ui">
      <UniqueIdentifier>{c96eb039-0465-4de2-bcae-94846da18f1b}</UniqueIdentifier>
    </Filter>
    <Filter Include="Assets\res\model">
      <UniqueIdentifier>{9cda1dac-0c58-475c-97f3-3a22fdd32808}</UniqueIdentifier>
    </Filter>
    <Filter Include="Assets\res\model\ToonSoldier 1">
      <UniqueIdentifier>{7c9f997b-82a0-4ba8-b555-86aa5112c830}</UniqueIdentifier>
    </Filter>
    <Filter Include="Assets\audio">
      <UniqueIdentifier>{9da22983-d40c-4520-8bb9-19367e6a46cc}</UniqueIdentifier>
    </Filter>
    <Filter Include="Assets\texture\env">
      <UniqueIdentifier>{a4579546-f0c6-4d78-b204-5a27fd9b6e0f}</UniqueIdentifier>
    </Filter>
    <Filter Include="Assets\texture\env\dawn">
      <UniqueIdentifier>{93b771a6-a5cc-4c63-b693-9f86a5b334ab}</UniqueIdentifier>
    </Filter>
  </ItemGroup>
  <ItemGroup>
    <Image Include="Assets\StoreLogo.png">
      <Filter>Assets</Filter>
    </Image>
    <Image Include="Assets\res\model\ToonSoldier 1\tex.png.tex.png">
      <Filter>Assets\res\model\ToonSoldier 1</Filter>
    </Image>
    <Image Include="Assets\texture\touch.png">
      <Filter>Assets\texture</Filter>
    </Image>
    <Image Include="Assets\texture\ui\button.png">
      <Filter>Assets\texture\ui</Filter>
    </Image>
    <Image Include="Assets\texture\ui\circle.png">
      <Filter>Assets\texture\ui</Filter>
    </Image>
    <Image Include="Assets\texture\ui\switch_off.png">
      <Filter>Assets\texture\ui</Filter>
    </Image>
    <Image Include="Assets\texture\ui\switch_on.png">
      <Filter>Assets\texture\ui</Filter>
    </Image>
    <Image Include="Assets\texture\env\dawn\0.png">
      <Filter>Assets\texture\env\dawn</Filter>
    </Image>
    <Image Include="Assets\texture\env\dawn\1.png">
      <Filter>Assets\texture\env\dawn</Filter>
    </Image>
    <Image Include="Assets\texture\env\dawn\2.png">
      <Filter>Assets\texture\env\dawn</Filter>
    </Image>
    <Image Include="Assets\texture\env\dawn\3.png">
      <Filter>Assets\texture\env\dawn</Filter>
    </Image>
    <Image Include="Assets\texture\env\dawn\4.png">
      <Filter>Assets\texture\env\dawn</Filter>
    </Image>
    <Image Include="Assets\texture\env\dawn\5.png">
      <Filter>Assets\texture\env\dawn</Filter>
    </Image>
    <Image Include="Assets\texture\checkflag.png.tex.png">
      <Filter>Assets\texture</Filter>
    </Image>
  </ItemGroup>
  <ItemGroup>
    <AppxManifest Include="Package.appxmanifest" />
  </ItemGroup>
  <ItemGroup>
    <None Include="app_TemporaryKey.pfx" />
    <None Include="$(AngleBinPath)libEGL.dll">
      <Filter>Binary</Filter>
    </None>
    <None Include="$(AngleBinPath)libGLESv2.dll">
      <Filter>Binary</Filter>
    </None>
    <None Include="Assets\Library\unity default resources.Capsule.mesh">
      <Filter>Assets\Library</Filter>
    </None>
    <None Include="Assets\Library\unity default resources.Cube.mesh">
      <Filter>Assets\Library</Filter>
    </None>
    <None Include="Assets\Library\unity default resources.Cylinder.mesh">
      <Filter>Assets\Library</Filter>
    </None>
    <None Include="Assets\Library\unity default resources.Plane.mesh">
      <Filter>Assets\Library</Filter>
    </None>
    <None Include="Assets\Library\unity default resources.Quad.mesh">
      <Filter>Assets\Library</Filter>
    </None>
    <None Include="Assets\Library\unity default resources.Sphere.mesh">
      <Filter>Assets\Library</Filter>
    </None>
    <None Include="Assets\shader\Include\Base.in">
      <Filter>Assets\shader\Include</Filter>
    </None>
    <None Include="Assets\shader\Include\Diffuse.100.fs.in">
      <Filter>Assets\shader\Include</Filter>
    </None>
    <None Include="Assets\shader\Include\Diffuse.100.vs.in">
      <Filter>Assets\shader\Include</Filter>
    </None>
    <None Include="Assets\shader\Include\Diffuse.fs.in">
      <Filter>Assets\shader\Include</Filter>
    </None>
    <None Include="Assets\shader\Include\Diffuse.vs.in">
      <Filter>Assets\shader\Include</Filter>
    </None>
    <None Include="Assets\shader\Include\FXAA.in">
      <Filter>Assets\shader\Include</Filter>
    </None>
    <None Include="Assets\shader\Include\Shadow.in">
      <Filter>Assets\shader\Include</Filter>
    </None>
    <None Include="Assets\shader\Include\Skin.in">
      <Filter>Assets\shader\Include</Filter>
    </None>
    <None Include="Assets\res\model\ToonSoldier 1\mat.mat">
      <Filter>Assets\res\model\ToonSoldier 1</Filter>
    </None>
    <None Include="Assets\res\model\ToonSoldier 1\tex.png.tex">
      <Filter>Assets\res\model\ToonSoldier 1</Filter>
    </None>
    <None Include="Assets\res\model\ToonSoldier 1\ToonSoldier 1.go">
      <Filter>Assets\res\model\ToonSoldier 1</Filter>
    </None>
    <None Include="Assets\res\model\ToonSoldier 1\ToonSoldier.FBX.MESH_Infantry.mesh">
      <Filter>Assets\res\model\ToonSoldier 1</Filter>
    </None>
    <None Include="Assets\texture\checkflag.png.tex">
      <Filter>Assets\texture</Filter>
    </None>
  </ItemGroup>
  <ItemGroup>
    <ClCompile Include="Main.cpp">
      <Filter>Source</Filter>
    </ClCompile>
    <ClCompile Include="..\..\src\App.cpp">
      <Filter>Source</Filter>
    </ClCompile>
  </ItemGroup>
  <ItemGroup>
    <ClInclude Include="..\..\src\App.h">
      <Filter>Source</Filter>
    </ClInclude>
  </ItemGroup>
  <ItemGroup>
    <Font Include="Assets\font\Consola.ttf">
      <Filter>Assets\font</Filter>
    </Font>
  </ItemGroup>
  <ItemGroup>
    <Media Include="Assets\audio\back.wav">
      <Filter>Assets\audio</Filter>
    </Media>
    <Media Include="Assets\audio\click.wav">
      <Filter>Assets\audio</Filter>
    </Media>
    <Media Include="Assets\audio\bgm.mp3">
      <Filter>Assets\audio</Filter>
    </Media>
  </ItemGroup>
</Project>