// !$*UTF8*$!
{
	archiveVersion = 1;
	classes = {
	};
	objectVersion = 46;
	objects = {

/* Begin PBXBuildFile section */
		BA12989820FE36B400DC815A /* Main.cpp in Sources */ = {isa = PBXBuildFile; fileRef = BA12989720FE36B400DC815A /* Main.cpp */; };
		BA12989C20FE387700DC815A /* AppDelegate.m in Sources */ = {isa = PBXBuildFile; fileRef = BA12989B20FE387700DC815A /* AppDelegate.m */; };
		BA2800E71F69A71100215483 /* Assets in Resources */ = {isa = PBXBuildFile; fileRef = BA2800E61F69A71100215483 /* Assets */; };
		BA4A325D1D7B34D400DEEE5A /* Assets.xcassets in Resources */ = {isa = PBXBuildFile; fileRef = BA4A325C1D7B34D400DEEE5A /* Assets.xcassets */; };
		BA4A32601D7B34D400DEEE5A /* LaunchScreen.storyboard in Resources */ = {isa = PBXBuildFile; fileRef = BA4A325E1D7B34D400DEEE5A /* LaunchScreen.storyboard */; };
		BA5924A41D92F2A200173EDC /* UIKit.framework in Frameworks */ = {isa = PBXBuildFile; fileRef = BA5924A31D92F2A200173EDC /* UIKit.framework */; };
		BA981FF320FE45F00068E5B2 /* ViewController.m in Sources */ = {isa = PBXBuildFile; fileRef = BA981FF220FE45F00068E5B2 /* ViewController.m */; };
		BA981FF720FE49A60068E5B2 /* View.xib in Resources */ = {isa = PBXBuildFile; fileRef = BA981FF620FE49A60068E5B2 /* View.xib */; };
/* End PBXBuildFile section */

/* Begin PBXFileReference section */
		BA12989720FE36B400DC815A /* Main.cpp */ = {isa = PBXFileReference; explicitFileType = sourcecode.cpp.objcpp; fileEncoding = 4; path = Main.cpp; sourceTree = "<group>"; };
		BA12989B20FE387700DC815A /* AppDelegate.m */ = {isa = PBXFileReference; fileEncoding = 4; lastKnownFileType = sourcecode.c.objc; path = AppDelegate.m; sourceTree = "<group>"; };
		BA2800E61F69A71100215483 /* Assets */ = {isa = PBXFileReference; lastKnownFileType = folder; name = Assets; path = ../../bin/Assets; sourceTree = "<group>"; };
		BA4A32491D7B34D400DEEE5A /* app.app */ = {isa = PBXFileReference; explicitFileType = wrapper.application; includeInIndex = 0; path = app.app; sourceTree = BUILT_PRODUCTS_DIR; };
		BA4A325C1D7B34D400DEEE5A /* Assets.xcassets */ = {isa = PBXFileReference; lastKnownFileType = folder.assetcatalog; name = Assets.xcassets; path = app/Assets.xcassets; sourceTree = "<group>"; };
		BA4A325F1D7B34D400DEEE5A /* Base */ = {isa = PBXFileReference; lastKnownFileType = file.storyboard; name = Base; path = Base.lproj/LaunchScreen.storyboard; sourceTree = "<group>"; };
		BA4A32611D7B34D400DEEE5A /* Info.plist */ = {isa = PBXFileReference; lastKnownFileType = text.plist.xml; name = Info.plist; path = app/Info.plist; sourceTree = "<group>"; };
		BA5924A31D92F2A200173EDC /* UIKit.framework */ = {isa = PBXFileReference; lastKnownFileType = wrapper.framework; name = UIKit.framework; path = System/Library/Frameworks/UIKit.framework; sourceTree = SDKROOT; };
		BA981FF020FE45890068E5B2 /* AppDelegate.h */ = {isa = PBXFileReference; lastKnownFileType = sourcecode.c.h; path = AppDelegate.h; sourceTree = "<group>"; };
		BA981FF120FE45F00068E5B2 /* ViewController.h */ = {isa = PBXFileReference; fileEncoding = 4; lastKnownFileType = sourcecode.c.h; path = ViewController.h; sourceTree = "<group>"; };
		BA981FF220FE45F00068E5B2 /* ViewController.m */ = {isa = PBXFileReference; fileEncoding = 4; lastKnownFileType = sourcecode.c.objc; path = ViewController.m; sourceTree = "<group>"; };
		BA981FF620FE49A60068E5B2 /* View.xib */ = {isa = PBXFileReference; fileEncoding = 4; lastKnownFileType = file.xib; name = View.xib; path = app/View.xib; sourceTree = "<group>"; };
/* End PBXFileReference section */

/* Begin PBXFrameworksBuildPhase section */
		BA4A32461D7B34D400DEEE5A /* Frameworks */ = {
			isa = PBXFrameworksBuildPhase;
			buildActionMask = 2147483647;
			files = (
				BA5924A41D92F2A200173EDC /* UIKit.framework in Frameworks */,
			);
			runOnlyForDeploymentPostprocessing = 0;
		};
/* End PBXFrameworksBuildPhase section */

/* Begin PBXGroup section */
		BA4A32401D7B34D400DEEE5A = {
			isa = PBXGroup;
			children = (
				BA2800E61F69A71100215483 /* Assets */,
				BA59247F1D90587200173EDC /* src */,
				BA4A33421D7C161A00DEEE5A /* app */,
				BABF7B931E97E7A2000C2116 /* Frameworks */,
				BA4A324A1D7B34D400DEEE5A /* Products */,
			);
			sourceTree = "<group>";
		};
		BA4A324A1D7B34D400DEEE5A /* Products */ = {
			isa = PBXGroup;
			children = (
				BA4A32491D7B34D400DEEE5A /* app.app */,
			);
			name = Products;
			sourceTree = "<group>";
		};
		BA4A33421D7C161A00DEEE5A /* app */ = {
			isa = PBXGroup;
			children = (
				BA4A325C1D7B34D400DEEE5A /* Assets.xcassets */,
				BA4A325E1D7B34D400DEEE5A /* LaunchScreen.storyboard */,
				BA4A32611D7B34D400DEEE5A /* Info.plist */,
				BA981FF620FE49A60068E5B2 /* View.xib */,
			);
			name = app;
			sourceTree = "<group>";
		};
		BA59247F1D90587200173EDC /* src */ = {
			isa = PBXGroup;
			children = (
				BA12989720FE36B400DC815A /* Main.cpp */,
				BA981FF020FE45890068E5B2 /* AppDelegate.h */,
				BA12989B20FE387700DC815A /* AppDelegate.m */,
				BA981FF120FE45F00068E5B2 /* ViewController.h */,
				BA981FF220FE45F00068E5B2 /* ViewController.m */,
			);
			name = src;
			sourceTree = "<group>";
		};
		BABF7B931E97E7A2000C2116 /* Frameworks */ = {
			isa = PBXGroup;
			children = (
				BA5924A31D92F2A200173EDC /* UIKit.framework */,
			);
			name = Frameworks;
			sourceTree = "<group>";
		};
/* End PBXGroup section */

/* Begin PBXNativeTarget section */
		BA4A32481D7B34D400DEEE5A /* app */ = {
			isa = PBXNativeTarget;
			buildConfigurationList = BA4A32641D7B34D400DEEE5A /* Build configuration list for PBXNativeTarget "app" */;
			buildPhases = (
				BA4A32451D7B34D400DEEE5A /* Sources */,
				BA4A32461D7B34D400DEEE5A /* Frameworks */,
				BA4A32471D7B34D400DEEE5A /* Resources */,
			);
			buildRules = (
			);
			dependencies = (
			);
			name = app;
			productName = app;
			productReference = BA4A32491D7B34D400DEEE5A /* app.app */;
			productType = "com.apple.product-type.application";
		};
/* End PBXNativeTarget section */

/* Begin PBXProject section */
		BA4A32411D7B34D400DEEE5A /* Project object */ = {
			isa = PBXProject;
			attributes = {
				LastUpgradeCheck = 0900;
				ORGANIZATIONNAME = virytech;
				TargetAttributes = {
					BA4A32481D7B34D400DEEE5A = {
						CreatedOnToolsVersion = 7.3.1;
						DevelopmentTeam = 4BGL2BSW3E;
						ProvisioningStyle = Automatic;
					};
				};
			};
			buildConfigurationList = BA4A32441D7B34D400DEEE5A /* Build configuration list for PBXProject "app" */;
			compatibilityVersion = "Xcode 3.2";
			developmentRegion = English;
			hasScannedForEncodings = 0;
			knownRegions = (
				en,
				Base,
			);
			mainGroup = BA4A32401D7B34D400DEEE5A;
			productRefGroup = BA4A324A1D7B34D400DEEE5A /* Products */;
			projectDirPath = "";
			projectRoot = "";
			targets = (
				BA4A32481D7B34D400DEEE5A /* app */,
			);
		};
/* End PBXProject section */

/* Begin PBXResourcesBuildPhase section */
		BA4A32471D7B34D400DEEE5A /* Resources */ = {
			isa = PBXResourcesBuildPhase;
			buildActionMask = 2147483647;
			files = (
				BA981FF720FE49A60068E5B2 /* View.xib in Resources */,
				BA4A325D1D7B34D400DEEE5A /* Assets.xcassets in Resources */,
				BA2800E71F69A71100215483 /* Assets in Resources */,
				BA4A32601D7B34D400DEEE5A /* LaunchScreen.storyboard in Resources */,
			);
			runOnlyForDeploymentPostprocessing = 0;
		};
/* End PBXResourcesBuildPhase section */

/* Begin PBXSourcesBuildPhase section */
		BA4A32451D7B34D400DEEE5A /* Sources */ = {
			isa = PBXSourcesBuildPhase;
			buildActionMask = 2147483647;
			files = (
				BA981FF320FE45F00068E5B2 /* ViewController.m in Sources */,
				BA12989C20FE387700DC815A /* AppDelegate.m in Sources */,
				BA12989820FE36B400DC815A /* Main.cpp in Sources */,
			);
			runOnlyForDeploymentPostprocessing = 0;
		};
/* End PBXSourcesBuildPhase section */

/* Begin PBXVariantGroup section */
		BA4A325E1D7B34D400DEEE5A /* LaunchScreen.storyboard */ = {
			isa = PBXVariantGroup;
			children = (
				BA4A325F1D7B34D400DEEE5A /* Base */,
			);
			name = LaunchScreen.storyboard;
			path = app;
			sourceTree = "<group>";
		};
/* End PBXVariantGroup section */

/* Begin XCBuildConfiguration section */
		BA4A32621D7B34D400DEEE5A /* Debug */ = {
			isa = XCBuildConfiguration;
			buildSettings = {
				ALWAYS_SEARCH_USER_PATHS = NO;
				CLANG_ANALYZER_NONNULL = YES;
				CLANG_CXX_LANGUAGE_STANDARD = "gnu++0x";
				CLANG_CXX_LIBRARY = "libc++";
				CLANG_ENABLE_MODULES = YES;
				CLANG_ENABLE_OBJC_ARC = YES;
				CLANG_WARN_BLOCK_CAPTURE_AUTORELEASING = YES;
				CLANG_WARN_BOOL_CONVERSION = YES;
				CLANG_WARN_COMMA = YES;
				CLANG_WARN_CONSTANT_CONVERSION = YES;
				CLANG_WARN_DIRECT_OBJC_ISA_USAGE = YES_ERROR;
				CLANG_WARN_EMPTY_BODY = YES;
				CLANG_WARN_ENUM_CONVERSION = YES;
				CLANG_WARN_INFINITE_RECURSION = YES;
				CLANG_WARN_INT_CONVERSION = YES;
				CLANG_WARN_NON_LITERAL_NULL_CONVERSION = YES;
				CLANG_WARN_OBJC_LITERAL_CONVERSION = YES;
				CLANG_WARN_OBJC_ROOT_CLASS = YES_ERROR;
				CLANG_WARN_RANGE_LOOP_ANALYSIS = YES;
				CLANG_WARN_STRICT_PROTOTYPES = YES;
				CLANG_WARN_SUSPICIOUS_MOVE = YES;
				CLANG_WARN_UNREACHABLE_CODE = YES;
				CLANG_WARN__DUPLICATE_METHOD_MATCH = YES;
				"CODE_SIGN_IDENTITY[sdk=iphoneos*]" = "iPhone Developer";
				COPY_PHASE_STRIP = NO;
				DEBUG_INFORMATION_FORMAT = "dwarf-with-dsym";
				ENABLE_STRICT_OBJC_MSGSEND = YES;
				ENABLE_TESTABILITY = YES;
				GCC_C_LANGUAGE_STANDARD = gnu99;
				GCC_DYNAMIC_NO_PIC = NO;
				GCC_NO_COMMON_BLOCKS = YES;
				GCC_OPTIMIZATION_LEVEL = 0;
				GCC_PREPROCESSOR_DEFINITIONS = (
					"DEBUG=1",
					"$(inherited)",
				);
				GCC_WARN_64_TO_32_BIT_CONVERSION = YES;
				GCC_WARN_ABOUT_RETURN_TYPE = YES_ERROR;
				GCC_WARN_UNDECLARED_SELECTOR = YES;
				GCC_WARN_UNINITIALIZED_AUTOS = YES_AGGRESSIVE;
				GCC_WARN_UNUSED_FUNCTION = YES;
				GCC_WARN_UNUSED_VARIABLE = YES;
				MTL_ENABLE_DEBUG_INFO = YES;
				ONLY_ACTIVE_ARCH = YES;
				SDKROOT = iphoneos;
				TARGETED_DEVICE_FAMILY = "1,2";
			};
			name = Debug;
		};
		BA4A32631D7B34D400DEEE5A /* Release */ = {
			isa = XCBuildConfiguration;
			buildSettings = {
				ALWAYS_SEARCH_USER_PATHS = NO;
				CLANG_ANALYZER_NONNULL = YES;
				CLANG_CXX_LANGUAGE_STANDARD = "gnu++0x";
				CLANG_CXX_LIBRARY = "libc++";
				CLANG_ENABLE_MODULES = YES;
				CLANG_ENABLE_OBJC_ARC = YES;
				CLANG_WARN_BLOCK_CAPTURE_AUTORELEASING = YES;
				CLANG_WARN_BOOL_CONVERSION = YES;
				CLANG_WARN_COMMA = YES;
				CLANG_WARN_CONSTANT_CONVERSION = YES;
				CLANG_WARN_DIRECT_OBJC_ISA_USAGE = YES_ERROR;
				CLANG_WARN_EMPTY_BODY = YES;
				CLANG_WARN_ENUM_CONVERSION = YES;
				CLANG_WARN_INFINITE_RECURSION = YES;
				CLANG_WARN_INT_CONVERSION = YES;
				CLANG_WARN_NON_LITERAL_NULL_CONVERSION = YES;
				CLANG_WARN_OBJC_LITERAL_CONVERSION = YES;
				CLANG_WARN_OBJC_ROOT_CLASS = YES_ERROR;
				CLANG_WARN_RANGE_LOOP_ANALYSIS = YES;
				CLANG_WARN_STRICT_PROTOTYPES = YES;
				CLANG_WARN_SUSPICIOUS_MOVE = YES;
				CLANG_WARN_UNREACHABLE_CODE = YES;
				CLANG_WARN__DUPLICATE_METHOD_MATCH = YES;
				"CODE_SIGN_IDENTITY[sdk=iphoneos*]" = "iPhone Developer";
				COPY_PHASE_STRIP = NO;
				DEBUG_INFORMATION_FORMAT = "dwarf-with-dsym";
				ENABLE_NS_ASSERTIONS = NO;
				ENABLE_STRICT_OBJC_MSGSEND = YES;
				GCC_C_LANGUAGE_STANDARD = gnu99;
				GCC_NO_COMMON_BLOCKS = YES;
				GCC_WARN_64_TO_32_BIT_CONVERSION = YES;
				GCC_WARN_ABOUT_RETURN_TYPE = YES_ERROR;
				GCC_WARN_UNDECLARED_SELECTOR = YES;
				GCC_WARN_UNINITIALIZED_AUTOS = YES_AGGRESSIVE;
				GCC_WARN_UNUSED_FUNCTION = YES;
				GCC_WARN_UNUSED_VARIABLE = YES;
				MTL_ENABLE_DEBUG_INFO = NO;
				SDKROOT = iphoneos;
				TARGETED_DEVICE_FAMILY = "1,2";
				VALIDATE_PRODUCT = YES;
			};
			name = Release;
		};
		BA4A32651D7B34D400DEEE5A /* Debug */ = {
			isa = XCBuildConfiguration;
			buildSettings = {
				ASSETCATALOG_COMPILER_APPICON_NAME = AppIcon;
				CLANG_CXX_LANGUAGE_STANDARD = "c++0x";
				CLANG_CXX_LIBRARY = "libc++";
				"CODE_SIGN_IDENTITY[sdk=iphoneos*]" = "iPhone Developer";
				CODE_SIGN_STYLE = Automatic;
				DEVELOPMENT_TEAM = 4BGL2BSW3E;
				ENABLE_BITCODE = NO;
				GCC_PREPROCESSOR_DEFINITIONS = (
					VR_GLES,
					VR_IOS,
				);
				HEADER_SEARCH_PATHS = ../../../lib/src;
				INFOPLIST_FILE = app/Info.plist;
				IPHONEOS_DEPLOYMENT_TARGET = 9.0;
				LD_RUNPATH_SEARCH_PATHS = "$(inherited) @executable_path/Frameworks";
				LIBRARY_SEARCH_PATHS = "";
				ONLY_ACTIVE_ARCH = YES;
				PRODUCT_BUNDLE_IDENTIFIER = com.viry3d.app.demo;
				PRODUCT_NAME = "$(TARGET_NAME)";
				PROVISIONING_PROFILE_SPECIFIER = "";
			};
			name = Debug;
		};
		BA4A32661D7B34D400DEEE5A /* Release */ = {
			isa = XCBuildConfiguration;
			buildSettings = {
				ASSETCATALOG_COMPILER_APPICON_NAME = AppIcon;
				CLANG_CXX_LANGUAGE_STANDARD = "c++0x";
				CLANG_CXX_LIBRARY = "libc++";
				"CODE_SIGN_IDENTITY[sdk=iphoneos*]" = "iPhone Developer";
				CODE_SIGN_STYLE = Automatic;
				DEVELOPMENT_TEAM = 4BGL2BSW3E;
				ENABLE_BITCODE = NO;
				GCC_PREPROCESSOR_DEFINITIONS = (
					VR_GLES,
					VR_IOS,
				);
				HEADER_SEARCH_PATHS = ../../../lib/src;
				INFOPLIST_FILE = app/Info.plist;
				IPHONEOS_DEPLOYMENT_TARGET = 9.0;
				LD_RUNPATH_SEARCH_PATHS = "$(inherited) @executable_path/Frameworks";
				LIBRARY_SEARCH_PATHS = "";
				ONLY_ACTIVE_ARCH = YES;
				PRODUCT_BUNDLE_IDENTIFIER = com.viry3d.app.demo;
				PRODUCT_NAME = "$(TARGET_NAME)";
				PROVISIONING_PROFILE_SPECIFIER = "";
			};
			name = Release;
		};
/* End XCBuildConfiguration section */

/* Begin XCConfigurationList section */
		BA4A32441D7B34D400DEEE5A /* Build configuration list for PBXProject "app" */ = {
			isa = XCConfigurationList;
			buildConfigurations = (
				BA4A32621D7B34D400DEEE5A /* Debug */,
				BA4A32631D7B34D400DEEE5A /* Release */,
			);
			defaultConfigurationIsVisible = 0;
			defaultConfigurationName = Release;
		};
		BA4A32641D7B34D400DEEE5A /* Build configuration list for PBXNativeTarget "app" */ = {
			isa = XCConfigurationList;
			buildConfigurations = (
				BA4A32651D7B34D400DEEE5A /* Debug */,
				BA4A32661D7B34D400DEEE5A /* Release */,
			);
			defaultConfigurationIsVisible = 0;
			defaultConfigurationName = Release;
		};
/* End XCConfigurationList section */
	};
	rootObject = BA4A32411D7B34D400DEEE5A /* Project object */;
}
