<?xml version="1.0" encoding="utf-8"?>
<Project ToolsVersion="4.0" xmlns="http://schemas.microsoft.com/developer/msbuild/2003">
  <ItemGroup>
    <Filter Include="src">
      <UniqueIdentifier>{93995380-89BD-4b04-88EB-625FBE52EBFB}</UniqueIdentifier>
      <Extensions>h;hh;hpp;hxx;hm;inl;inc;xsd</Extensions>
    </Filter>
  </ItemGroup>
  <ItemGroup>
    <ClInclude Include="..\..\src\App.h">
      <Filter>src</Filter>
    </ClInclude>
    <ClInclude Include="..\..\src\DemoMesh.h">
      <Filter>src</Filter>
    </ClInclude>
    <ClInclude Include="..\..\src\DemoPostEffectBlur.h">
      <Filter>src</Filter>
    </ClInclude>
    <ClInclude Include="..\..\src\DemoRenderToTexture.h">
      <Filter>src</Filter>
    </ClInclude>
    <ClInclude Include="..\..\src\DemoSkybox.h">
      <Filter>src</Filter>
    </ClInclude>
    <ClInclude Include="..\..\src\DemoUI.h">
      <Filter>src</Filter>
    </ClInclude>
    <ClInclude Include="..\..\src\Demo.h">
      <Filter>src</Filter>
    </ClInclude>
    <ClInclude Include="..\..\src\DemoFXAA.h">
      <Filter>src</Filter>
    </ClInclude>
    <ClInclude Include="..\..\src\DemoShadowMap.h">
      <Filter>src</Filter>
    </ClInclude>
    <ClInclude Include="..\..\src\DemoSkinnedMesh.h">
      <Filter>src</Filter>
    </ClInclude>
    <ClInclude Include="..\..\src\DemoAudio.h">
      <Filter>src</Filter>
    </ClInclude>
    <ClInclude Include="..\..\src\DemoMSAA.h">
      <Filter>src</Filter>
    </ClInclude>
    <ClInclude Include="..\..\src\DemoInstancing.h">
      <Filter>src</Filter>
    </ClInclude>
    <ClInclude Include="..\..\src\DemoLightmap.h">
      <Filter>src</Filter>
    </ClInclude>
    <ClInclude Include="..\..\src\DemoSSAO.h">
      <Filter>src</Filter>
    </ClInclude>
    <ClInclude Include="..\..\src\DemoVR.h">
      <Filter>src</Filter>
    </ClInclude>
    <ClInclude Include="..\..\src\DemoComputeStorageImage.h">
      <Filter>src</Filter>
    </ClInclude>
    <ClInclude Include="..\..\src\DemoComputeStorageBuffer.h">
      <Filter>src</Filter>
    </ClInclude>
  </ItemGroup>
  <ItemGroup>
    <ClCompile Include="Main.cpp">
      <Filter>src</Filter>
    </ClCompile>
    <ClCompile Include="..\..\src\App.cpp">
      <Filter>src</Filter>
    </ClCompile>
  </ItemGroup>
</Project>