
Microsoft Visual Studio Solution File, Format Version 12.00
# Visual Studio 15
VisualStudioVersion = 15.0.26430.6
MinimumVisualStudioVersion = 10.0.40219.1
Project("{8BC9CEB8-8B4A-11D0-8D11-00A0C91BC942}") = "app", "app.vcxproj", "{A7E06D47-1628-41D7-BEA8-ADE864B94D8A}"
EndProject
Project("{8BC9CEB8-8B4A-11D0-8D11-00A0C91BC942}") = "viry3d", "..\..\..\lib\project\win\viry3d.vcxproj", "{B1A3401A-A9FA-429D-8021-CF57F3C7F89B}"
EndProject
Project("{8BC9CEB8-8B4A-11D0-8D11-00A0C91BC942}") = "CubeMapCompress", "..\CubeMapCompress\CubeMapCompress.vcxproj", "{5C205A45-631F-40D8-91F8-5BF36B117FD1}"
EndProject
Project("{8BC9CEB8-8B4A-11D0-8D11-00A0C91BC942}") = "CubeMapToSphericalPolynomial", "..\CubeMapToSphericalPolynomial\CubeMapToSphericalPolynomial.vcxproj", "{23141D2B-9B2D-4619-B6ED-5A821CF49F6C}"
EndProject
Global
	GlobalSection(SolutionConfigurationPlatforms) = preSolution
		Debug|x64 = Debug|x64
		Debug|x86 = Debug|x86
		Release|x64 = Release|x64
		Release|x86 = Release|x86
	EndGlobalSection
	GlobalSection(ProjectConfigurationPlatforms) = postSolution
		{A7E06D47-1628-41D7-BEA8-ADE864B94D8A}.Debug|x64.ActiveCfg = Debug|x64
		{A7E06D47-1628-41D7-BEA8-ADE864B94D8A}.Debug|x64.Build.0 = Debug|x64
		{A7E06D47-1628-41D7-BEA8-ADE864B94D8A}.Debug|x86.ActiveCfg = Debug|Win32
		{A7E06D47-1628-41D7-BEA8-ADE864B94D8A}.Debug|x86.Build.0 = Debug|Win32
		{A7E06D47-1628-41D7-BEA8-ADE864B94D8A}.Release|x64.ActiveCfg = Release|x64
		{A7E06D47-1628-41D7-BEA8-ADE864B94D8A}.Release|x64.Build.0 = Release|x64
		{A7E06D47-1628-41D7-BEA8-ADE864B94D8A}.Release|x86.ActiveCfg = Release|Win32
		{A7E06D47-1628-41D7-BEA8-ADE864B94D8A}.Release|x86.Build.0 = Release|Win32
		{B1A3401A-A9FA-429D-8021-CF57F3C7F89B}.Debug|x64.ActiveCfg = Debug|x64
		{B1A3401A-A9FA-429D-8021-CF57F3C7F89B}.Debug|x64.Build.0 = Debug|x64
		{B1A3401A-A9FA-429D-8021-CF57F3C7F89B}.Debug|x86.ActiveCfg = Debug|Win32
		{B1A3401A-A9FA-429D-8021-CF57F3C7F89B}.Debug|x86.Build.0 = Debug|Win32
		{B1A3401A-A9FA-429D-8021-CF57F3C7F89B}.Release|x64.ActiveCfg = Release|x64
		{B1A3401A-A9FA-429D-8021-CF57F3C7F89B}.Release|x64.Build.0 = Release|x64
		{B1A3401A-A9FA-429D-8021-CF57F3C7F89B}.Release|x86.ActiveCfg = Release|Win32
		{B1A3401A-A9FA-429D-8021-CF57F3C7F89B}.Release|x86.Build.0 = Release|Win32
		{5C205A45-631F-40D8-91F8-5BF36B117FD1}.Debug|x64.ActiveCfg = Debug|x64
		{5C205A45-631F-40D8-91F8-5BF36B117FD1}.Debug|x64.Build.0 = Debug|x64
		{5C205A45-631F-40D8-91F8-5BF36B117FD1}.Debug|x86.ActiveCfg = Debug|Win32
		{5C205A45-631F-40D8-91F8-5BF36B117FD1}.Debug|x86.Build.0 = Debug|Win32
		{5C205A45-631F-40D8-91F8-5BF36B117FD1}.Release|x64.ActiveCfg = Release|x64
		{5C205A45-631F-40D8-91F8-5BF36B117FD1}.Release|x64.Build.0 = Release|x64
		{5C205A45-631F-40D8-91F8-5BF36B117FD1}.Release|x86.ActiveCfg = Release|Win32
		{5C205A45-631F-40D8-91F8-5BF36B117FD1}.Release|x86.Build.0 = Release|Win32
		{23141D2B-9B2D-4619-B6ED-5A821CF49F6C}.Debug|x64.ActiveCfg = Debug|x64
		{23141D2B-9B2D-4619-B6ED-5A821CF49F6C}.Debug|x64.Build.0 = Debug|x64
		{23141D2B-9B2D-4619-B6ED-5A821CF49F6C}.Debug|x86.ActiveCfg = Debug|Win32
		{23141D2B-9B2D-4619-B6ED-5A821CF49F6C}.Debug|x86.Build.0 = Debug|Win32
		{23141D2B-9B2D-4619-B6ED-5A821CF49F6C}.Release|x64.ActiveCfg = Release|x64
		{23141D2B-9B2D-4619-B6ED-5A821CF49F6C}.Release|x64.Build.0 = Release|x64
		{23141D2B-9B2D-4619-B6ED-5A821CF49F6C}.Release|x86.ActiveCfg = Release|Win32
		{23141D2B-9B2D-4619-B6ED-5A821CF49F6C}.Release|x86.Build.0 = Release|Win32
	EndGlobalSection
	GlobalSection(SolutionProperties) = preSolution
		HideSolutionNode = FALSE
	EndGlobalSection
	GlobalSection(ExtensibilityGlobals) = postSolution
		SolutionGuid = {0089FDD6-15F0-4C3E-A4A7-22ACBB602813}
	EndGlobalSection
	GlobalSection(Performance) = preSolution
		HasPerformanceSessions = true
	EndGlobalSection
	GlobalSection(Performance) = preSolution
		HasPerformanceSessions = true
	EndGlobalSection
	GlobalSection(Performance) = preSolution
		HasPerformanceSessions = true
	EndGlobalSection
	GlobalSection(Performance) = preSolution
		HasPerformanceSessions = true
	EndGlobalSection
EndGlobal
